// !$*UTF8*$!
{
	archiveVersion = 1;
	classes = {
	};
	objectVersion = 50;
	objects = {

/* Begin PBXBuildFile section */
		9648EF72209174F2009733A1 /* AppDelegate.m in Sources */ = {isa = PBXBuildFile; fileRef = 9648EF71209174F2009733A1 /* AppDelegate.m */; };
		9648EF75209174F2009733A1 /* ViewController.m in Sources */ = {isa = PBXBuildFile; fileRef = 9648EF74209174F2009733A1 /* ViewController.m */; };
		9648EF78209174F2009733A1 /* Main.storyboard in Resources */ = {isa = PBXBuildFile; fileRef = 9648EF76209174F2009733A1 /* Main.storyboard */; };
		9648EF7A209174F3009733A1 /* Assets.xcassets in Resources */ = {isa = PBXBuildFile; fileRef = 9648EF79209174F3009733A1 /* Assets.xcassets */; };
		9648EF7D209174F3009733A1 /* LaunchScreen.storyboard in Resources */ = {isa = PBXBuildFile; fileRef = 9648EF7B209174F3009733A1 /* LaunchScreen.storyboard */; };
		9648EF80209174F3009733A1 /* main.m in Sources */ = {isa = PBXBuildFile; fileRef = 9648EF7F209174F3009733A1 /* main.m */; };
		9648EFA220917608009733A1 /* GPUImageFilter.m in Sources */ = {isa = PBXBuildFile; fileRef = 9648EF8E20917608009733A1 /* GPUImageFilter.m */; };
		9648EFA320917608009733A1 /* GPUImageBrightnessFilter.m in Sources */ = {isa = PBXBuildFile; fileRef = 9648EF9020917608009733A1 /* GPUImageBrightnessFilter.m */; };
		9648EFA420917608009733A1 /* GPUImageContext.m in Sources */ = {isa = PBXBuildFile; fileRef = 9648EF9220917608009733A1 /* GPUImageContext.m */; };
		9648EFA520917608009733A1 /* GLProgram.m in Sources */ = {isa = PBXBuildFile; fileRef = 9648EF9320917608009733A1 /* GLProgram.m */; };
		9648EFA620917608009733A1 /* GPUImageFramebuffer.m in Sources */ = {isa = PBXBuildFile; fileRef = 9648EF9420917608009733A1 /* GPUImageFramebuffer.m */; };
		9648EFA720917608009733A1 /* GPUImageFramebufferCache.m in Sources */ = {isa = PBXBuildFile; fileRef = 9648EF9520917608009733A1 /* GPUImageFramebufferCache.m */; };
		9648EFA820917608009733A1 /* GPUImageOutput.m in Sources */ = {isa = PBXBuildFile; fileRef = 9648EF9920917608009733A1 /* GPUImageOutput.m */; };
		9648EFA920917608009733A1 /* GPUImageVideoCamera.m in Sources */ = {isa = PBXBuildFile; fileRef = 9648EF9A20917608009733A1 /* GPUImageVideoCamera.m */; };
		9648EFAA20917608009733A1 /* GPUImageView.m in Sources */ = {isa = PBXBuildFile; fileRef = 9648EF9F20917608009733A1 /* GPUImageView.m */; };
		9648EFB020917C92009733A1 /* GPUImageMovieWriter.m in Sources */ = {isa = PBXBuildFile; fileRef = 9648EFAE20917C92009733A1 /* GPUImageMovieWriter.m */; };
		9648EFB320917CFB009733A1 /* GPUImageColorConversion.m in Sources */ = {isa = PBXBuildFile; fileRef = 9648EFB220917CFB009733A1 /* GPUImageColorConversion.m */; };
		9648EFB920917D90009733A1 /* GPUImagePicture.m in Sources */ = {isa = PBXBuildFile; fileRef = 9648EFB620917D90009733A1 /* GPUImagePicture.m */; };
		9648EFBA20917D90009733A1 /* GPUImagePicture+TextureSubimage.m in Sources */ = {isa = PBXBuildFile; fileRef = 9648EFB820917D90009733A1 /* GPUImagePicture+TextureSubimage.m */; };
/* End PBXBuildFile section */

/* Begin PBXFileReference section */
		9648EF6D209174F2009733A1 /* JGLearnGPUImage.app */ = {isa = PBXFileReference; explicitFileType = wrapper.application; includeInIndex = 0; path = JGLearnGPUImage.app; sourceTree = BUILT_PRODUCTS_DIR; };
		9648EF70209174F2009733A1 /* AppDelegate.h */ = {isa = PBXFileReference; lastKnownFileType = sourcecode.c.h; path = AppDelegate.h; sourceTree = "<group>"; };
		9648EF71209174F2009733A1 /* AppDelegate.m */ = {isa = PBXFileReference; lastKnownFileType = sourcecode.c.objc; path = AppDelegate.m; sourceTree = "<group>"; };
		9648EF73209174F2009733A1 /* ViewController.h */ = {isa = PBXFileReference; lastKnownFileType = sourcecode.c.h; path = ViewController.h; sourceTree = "<group>"; };
		9648EF74209174F2009733A1 /* ViewController.m */ = {isa = PBXFileReference; lastKnownFileType = sourcecode.c.objc; path = ViewController.m; sourceTree = "<group>"; };
		9648EF77209174F2009733A1 /* Base */ = {isa = PBXFileReference; lastKnownFileType = file.storyboard; name = Base; path = Base.lproj/Main.storyboard; sourceTree = "<group>"; };
		9648EF79209174F3009733A1 /* Assets.xcassets */ = {isa = PBXFileReference; lastKnownFileType = folder.assetcatalog; path = Assets.xcassets; sourceTree = "<group>"; };
		9648EF7C209174F3009733A1 /* Base */ = {isa = PBXFileReference; lastKnownFileType = file.storyboard; name = Base; path = Base.lproj/LaunchScreen.storyboard; sourceTree = "<group>"; };
		9648EF7E209174F3009733A1 /* Info.plist */ = {isa = PBXFileReference; lastKnownFileType = text.plist.xml; path = Info.plist; sourceTree = "<group>"; };
		9648EF7F209174F3009733A1 /* main.m */ = {isa = PBXFileReference; lastKnownFileType = sourcecode.c.objc; path = main.m; sourceTree = "<group>"; };
		9648EF8D20917608009733A1 /* GPUImageFilter.h */ = {isa = PBXFileReference; fileEncoding = 4; lastKnownFileType = sourcecode.c.h; path = GPUImageFilter.h; sourceTree = "<group>"; };
		9648EF8E20917608009733A1 /* GPUImageFilter.m */ = {isa = PBXFileReference; fileEncoding = 4; lastKnownFileType = sourcecode.c.objc; path = GPUImageFilter.m; sourceTree = "<group>"; };
		9648EF9020917608009733A1 /* GPUImageBrightnessFilter.m */ = {isa = PBXFileReference; fileEncoding = 4; lastKnownFileType = sourcecode.c.objc; path = GPUImageBrightnessFilter.m; sourceTree = "<group>"; };
		9648EF9120917608009733A1 /* GPUImageBrightnessFilter.h */ = {isa = PBXFileReference; fileEncoding = 4; lastKnownFileType = sourcecode.c.h; path = GPUImageBrightnessFilter.h; sourceTree = "<group>"; };
		9648EF9220917608009733A1 /* GPUImageContext.m */ = {isa = PBXFileReference; fileEncoding = 4; lastKnownFileType = sourcecode.c.objc; path = GPUImageContext.m; sourceTree = "<group>"; };
		9648EF9320917608009733A1 /* GLProgram.m */ = {isa = PBXFileReference; fileEncoding = 4; lastKnownFileType = sourcecode.c.objc; path = GLProgram.m; sourceTree = "<group>"; };
		9648EF9420917608009733A1 /* GPUImageFramebuffer.m */ = {isa = PBXFileReference; fileEncoding = 4; lastKnownFileType = sourcecode.c.objc; path = GPUImageFramebuffer.m; sourceTree = "<group>"; };
		9648EF9520917608009733A1 /* GPUImageFramebufferCache.m */ = {isa = PBXFileReference; fileEncoding = 4; lastKnownFileType = sourcecode.c.objc; path = GPUImageFramebufferCache.m; sourceTree = "<group>"; };
		9648EF9620917608009733A1 /* GPUImageContext.h */ = {isa = PBXFileReference; fileEncoding = 4; lastKnownFileType = sourcecode.c.h; path = GPUImageContext.h; sourceTree = "<group>"; };
		9648EF9820917608009733A1 /* GPUImageVideoCamera.h */ = {isa = PBXFileReference; fileEncoding = 4; lastKnownFileType = sourcecode.c.h; path = GPUImageVideoCamera.h; sourceTree = "<group>"; };
		9648EF9920917608009733A1 /* GPUImageOutput.m */ = {isa = PBXFileReference; fileEncoding = 4; lastKnownFileType = sourcecode.c.objc; path = GPUImageOutput.m; sourceTree = "<group>"; };
		9648EF9A20917608009733A1 /* GPUImageVideoCamera.m */ = {isa = PBXFileReference; fileEncoding = 4; lastKnownFileType = sourcecode.c.objc; path = GPUImageVideoCamera.m; sourceTree = "<group>"; };
		9648EF9B20917608009733A1 /* GPUImageOutput.h */ = {isa = PBXFileReference; fileEncoding = 4; lastKnownFileType = sourcecode.c.h; path = GPUImageOutput.h; sourceTree = "<group>"; };
		9648EF9C20917608009733A1 /* GPUImageFramebufferCache.h */ = {isa = PBXFileReference; fileEncoding = 4; lastKnownFileType = sourcecode.c.h; path = GPUImageFramebufferCache.h; sourceTree = "<group>"; };
		9648EF9E20917608009733A1 /* GPUImageView.h */ = {isa = PBXFileReference; fileEncoding = 4; lastKnownFileType = sourcecode.c.h; path = GPUImageView.h; sourceTree = "<group>"; };
		9648EF9F20917608009733A1 /* GPUImageView.m */ = {isa = PBXFileReference; fileEncoding = 4; lastKnownFileType = sourcecode.c.objc; path = GPUImageView.m; sourceTree = "<group>"; };
		9648EFA020917608009733A1 /* GPUImageFramebuffer.h */ = {isa = PBXFileReference; fileEncoding = 4; lastKnownFileType = sourcecode.c.h; path = GPUImageFramebuffer.h; sourceTree = "<group>"; };
		9648EFA120917608009733A1 /* GLProgram.h */ = {isa = PBXFileReference; fileEncoding = 4; lastKnownFileType = sourcecode.c.h; path = GLProgram.h; sourceTree = "<group>"; };
		9648EFAD209178F4009733A1 /* GPUImage.h */ = {isa = PBXFileReference; lastKnownFileType = sourcecode.c.h; path = GPUImage.h; sourceTree = "<group>"; };
		9648EFAE20917C92009733A1 /* GPUImageMovieWriter.m */ = {isa = PBXFileReference; fileEncoding = 4; lastKnownFileType = sourcecode.c.objc; path = GPUImageMovieWriter.m; sourceTree = "<group>"; };
		9648EFAF20917C92009733A1 /* GPUImageMovieWriter.h */ = {isa = PBXFileReference; fileEncoding = 4; lastKnownFileType = sourcecode.c.h; path = GPUImageMovieWriter.h; sourceTree = "<group>"; };
		9648EFB120917CFB009733A1 /* GPUImageColorConversion.h */ = {isa = PBXFileReference; fileEncoding = 4; lastKnownFileType = sourcecode.c.h; path = GPUImageColorConversion.h; sourceTree = "<group>"; };
		9648EFB220917CFB009733A1 /* GPUImageColorConversion.m */ = {isa = PBXFileReference; fileEncoding = 4; lastKnownFileType = sourcecode.c.objc; path = GPUImageColorConversion.m; sourceTree = "<group>"; };
		9648EFB520917D90009733A1 /* GPUImagePicture+TextureSubimage.h */ = {isa = PBXFileReference; fileEncoding = 4; lastKnownFileType = sourcecode.c.h; path = "GPUImagePicture+TextureSubimage.h"; sourceTree = "<group>"; };
		9648EFB620917D90009733A1 /* GPUImagePicture.m */ = {isa = PBXFileReference; fileEncoding = 4; lastKnownFileType = sourcecode.c.objc; path = GPUImagePicture.m; sourceTree = "<group>"; };
		9648EFB720917D90009733A1 /* GPUImagePicture.h */ = {isa = PBXFileReference; fileEncoding = 4; lastKnownFileType = sourcecode.c.h; path = GPUImagePicture.h; sourceTree = "<group>"; };
		9648EFB820917D90009733A1 /* GPUImagePicture+TextureSubimage.m */ = {isa = PBXFileReference; fileEncoding = 4; lastKnownFileType = sourcecode.c.objc; path = "GPUImagePicture+TextureSubimage.m"; sourceTree = "<group>"; };
/* End PBXFileReference section */

/* Begin PBXFrameworksBuildPhase section */
		9648EF6A209174F2009733A1 /* Frameworks */ = {
			isa = PBXFrameworksBuildPhase;
			buildActionMask = 2147483647;
			files = (
			);
			runOnlyForDeploymentPostprocessing = 0;
		};
/* End PBXFrameworksBuildPhase section */

/* Begin PBXGroup section */
		9648EF64209174F2009733A1 = {
			isa = PBXGroup;
			children = (
				9648EF6F209174F2009733A1 /* JGLearnGPUImage */,
				9648EF6E209174F2009733A1 /* Products */,
			);
			sourceTree = "<group>";
		};
		9648EF6E209174F2009733A1 /* Products */ = {
			isa = PBXGroup;
			children = (
				9648EF6D209174F2009733A1 /* JGLearnGPUImage.app */,
			);
			name = Products;
			sourceTree = "<group>";
		};
		9648EF6F209174F2009733A1 /* JGLearnGPUImage */ = {
			isa = PBXGroup;
			children = (
				9648EF79209174F3009733A1 /* Assets.xcassets */,
				9648EF7B209174F3009733A1 /* LaunchScreen.storyboard */,
				9648EF7E209174F3009733A1 /* Info.plist */,
				9648EF7F209174F3009733A1 /* main.m */,
				9648EF70209174F2009733A1 /* AppDelegate.h */,
				9648EF71209174F2009733A1 /* AppDelegate.m */,
				9648EF73209174F2009733A1 /* ViewController.h */,
				9648EF74209174F2009733A1 /* ViewController.m */,
				9648EF76209174F2009733A1 /* Main.storyboard */,
				9648EF8B20917608009733A1 /* GPUImageSource */,
			);
			path = JGLearnGPUImage;
			sourceTree = "<group>";
		};
		9648EF8B20917608009733A1 /* GPUImageSource */ = {
			isa = PBXGroup;
			children = (
				9648EFAD209178F4009733A1 /* GPUImage.h */,
				9648EF9620917608009733A1 /* GPUImageContext.h */,
				9648EF9C20917608009733A1 /* GPUImageFramebufferCache.h */,
				9648EFA020917608009733A1 /* GPUImageFramebuffer.h */,
				9648EFA120917608009733A1 /* GLProgram.h */,
				9648EF9220917608009733A1 /* GPUImageContext.m */,
				9648EF9320917608009733A1 /* GLProgram.m */,
				9648EF9420917608009733A1 /* GPUImageFramebuffer.m */,
				9648EF9520917608009733A1 /* GPUImageFramebufferCache.m */,
				9648EF9720917608009733A1 /* Sources */,
				9648EF8C20917608009733A1 /* Filters */,
				9648EF8F20917608009733A1 /* Color processing */,
				9648EF9D20917608009733A1 /* Outputs */,
			);
			path = GPUImageSource;
			sourceTree = "<group>";
		};
		9648EF8C20917608009733A1 /* Filters */ = {
			isa = PBXGroup;
			children = (
				9648EF8D20917608009733A1 /* GPUImageFilter.h */,
				9648EF8E20917608009733A1 /* GPUImageFilter.m */,
			);
			path = Filters;
			sourceTree = "<group>";
		};
		9648EF8F20917608009733A1 /* Color processing */ = {
			isa = PBXGroup;
			children = (
				9648EF9020917608009733A1 /* GPUImageBrightnessFilter.m */,
				9648EF9120917608009733A1 /* GPUImageBrightnessFilter.h */,
			);
			path = "Color processing";
			sourceTree = "<group>";
		};
		9648EF9720917608009733A1 /* Sources */ = {
			isa = PBXGroup;
			children = (
				9648EF9B20917608009733A1 /* GPUImageOutput.h */,
				9648EF9920917608009733A1 /* GPUImageOutput.m */,
				9648EF9820917608009733A1 /* GPUImageVideoCamera.h */,
				9648EF9A20917608009733A1 /* GPUImageVideoCamera.m */,
				9648EFB120917CFB009733A1 /* GPUImageColorConversion.h */,
				9648EFB220917CFB009733A1 /* GPUImageColorConversion.m */,
				9648EFB720917D90009733A1 /* GPUImagePicture.h */,
				9648EFB620917D90009733A1 /* GPUImagePicture.m */,
				9648EFB520917D90009733A1 /* GPUImagePicture+TextureSubimage.h */,
				9648EFB820917D90009733A1 /* GPUImagePicture+TextureSubimage.m */,
			);
			path = Sources;
			sourceTree = "<group>";
		};
		9648EF9D20917608009733A1 /* Outputs */ = {
			isa = PBXGroup;
			children = (
				9648EFAF20917C92009733A1 /* GPUImageMovieWriter.h */,
				9648EFAE20917C92009733A1 /* GPUImageMovieWriter.m */,
				9648EF9E20917608009733A1 /* GPUImageView.h */,
				9648EF9F20917608009733A1 /* GPUImageView.m */,
			);
			path = Outputs;
			sourceTree = "<group>";
		};
/* End PBXGroup section */

/* Begin PBXNativeTarget section */
		9648EF6C209174F2009733A1 /* JGLearnGPUImage */ = {
			isa = PBXNativeTarget;
			buildConfigurationList = 9648EF83209174F3009733A1 /* Build configuration list for PBXNativeTarget "JGLearnGPUImage" */;
			buildPhases = (
				9648EF69209174F2009733A1 /* Sources */,
				9648EF6A209174F2009733A1 /* Frameworks */,
				9648EF6B209174F2009733A1 /* Resources */,
			);
			buildRules = (
			);
			dependencies = (
			);
			name = JGLearnGPUImage;
			productName = JGLearnGPUImage;
			productReference = 9648EF6D209174F2009733A1 /* JGLearnGPUImage.app */;
			productType = "com.apple.product-type.application";
		};
/* End PBXNativeTarget section */

/* Begin PBXProject section */
		9648EF65209174F2009733A1 /* Project object */ = {
			isa = PBXProject;
			attributes = {
				LastUpgradeCheck = 0930;
				ORGANIZATIONNAME = mtgao;
				TargetAttributes = {
					9648EF6C209174F2009733A1 = {
						CreatedOnToolsVersion = 9.3;
					};
				};
			};
			buildConfigurationList = 9648EF68209174F2009733A1 /* Build configuration list for PBXProject "JGLearnGPUImage" */;
			compatibilityVersion = "Xcode 9.3";
			developmentRegion = en;
			hasScannedForEncodings = 0;
			knownRegions = (
				en,
				Base,
			);
			mainGroup = 9648EF64209174F2009733A1;
			productRefGroup = 9648EF6E209174F2009733A1 /* Products */;
			projectDirPath = "";
			projectRoot = "";
			targets = (
				9648EF6C209174F2009733A1 /* JGLearnGPUImage */,
			);
		};
/* End PBXProject section */

/* Begin PBXResourcesBuildPhase section */
		9648EF6B209174F2009733A1 /* Resources */ = {
			isa = PBXResourcesBuildPhase;
			buildActionMask = 2147483647;
			files = (
				9648EF7D209174F3009733A1 /* LaunchScreen.storyboard in Resources */,
				9648EF7A209174F3009733A1 /* Assets.xcassets in Resources */,
				9648EF78209174F2009733A1 /* Main.storyboard in Resources */,
			);
			runOnlyForDeploymentPostprocessing = 0;
		};
/* End PBXResourcesBuildPhase section */

/* Begin PBXSourcesBuildPhase section */
		9648EF69209174F2009733A1 /* Sources */ = {
			isa = PBXSourcesBuildPhase;
			buildActionMask = 2147483647;
			files = (
				9648EFBA20917D90009733A1 /* GPUImagePicture+TextureSubimage.m in Sources */,
				9648EFA520917608009733A1 /* GLProgram.m in Sources */,
				9648EFA820917608009733A1 /* GPUImageOutput.m in Sources */,
				9648EFA220917608009733A1 /* GPUImageFilter.m in Sources */,
				9648EF75209174F2009733A1 /* ViewController.m in Sources */,
				9648EF80209174F3009733A1 /* main.m in Sources */,
				9648EFA620917608009733A1 /* GPUImageFramebuffer.m in Sources */,
				9648EFB320917CFB009733A1 /* GPUImageColorConversion.m in Sources */,
				9648EFA320917608009733A1 /* GPUImageBrightnessFilter.m in Sources */,
				9648EFA920917608009733A1 /* GPUImageVideoCamera.m in Sources */,
				9648EFA420917608009733A1 /* GPUImageContext.m in Sources */,
				9648EF72209174F2009733A1 /* AppDelegate.m in Sources */,
				9648EFA720917608009733A1 /* GPUImageFramebufferCache.m in Sources */,
				9648EFAA20917608009733A1 /* GPUImageView.m in Sources */,
				9648EFB020917C92009733A1 /* GPUImageMovieWriter.m in Sources */,
				9648EFB920917D90009733A1 /* GPUImagePicture.m in Sources */,
			);
			runOnlyForDeploymentPostprocessing = 0;
		};
/* End PBXSourcesBuildPhase section */

/* Begin PBXVariantGroup section */
		9648EF76209174F2009733A1 /* Main.storyboard */ = {
			isa = PBXVariantGroup;
			children = (
				9648EF77209174F2009733A1 /* Base */,
			);
			name = Main.storyboard;
			sourceTree = "<group>";
		};
		9648EF7B209174F3009733A1 /* LaunchScreen.storyboard */ = {
			isa = PBXVariantGroup;
			children = (
				9648EF7C209174F3009733A1 /* Base */,
			);
			name = LaunchScreen.storyboard;
			sourceTree = "<group>";
		};
/* End PBXVariantGroup section */

/* Begin XCBuildConfiguration section */
		9648EF81209174F3009733A1 /* Debug */ = {
			isa = XCBuildConfiguration;
			buildSettings = {
				ALWAYS_SEARCH_USER_PATHS = NO;
				CLANG_ANALYZER_NONNULL = YES;
				CLANG_ANALYZER_NUMBER_OBJECT_CONVERSION = YES_AGGRESSIVE;
				CLANG_CXX_LANGUAGE_STANDARD = "gnu++14";
				CLANG_CXX_LIBRARY = "libc++";
				CLANG_ENABLE_MODULES = YES;
				CLANG_ENABLE_OBJC_ARC = YES;
				CLANG_ENABLE_OBJC_WEAK = YES;
				CLANG_WARN_BLOCK_CAPTURE_AUTORELEASING = YES;
				CLANG_WARN_BOOL_CONVERSION = YES;
				CLANG_WARN_COMMA = YES;
				CLANG_WARN_CONSTANT_CONVERSION = YES;
				CLANG_WARN_DEPRECATED_OBJC_IMPLEMENTATIONS = YES;
				CLANG_WARN_DIRECT_OBJC_ISA_USAGE = YES_ERROR;
				CLANG_WARN_DOCUMENTATION_COMMENTS = YES;
				CLANG_WARN_EMPTY_BODY = YES;
				CLANG_WARN_ENUM_CONVERSION = YES;
				CLANG_WARN_INFINITE_RECURSION = YES;
				CLANG_WARN_INT_CONVERSION = YES;
				CLANG_WARN_NON_LITERAL_NULL_CONVERSION = YES;
				CLANG_WARN_OBJC_IMPLICIT_RETAIN_SELF = YES;
				CLANG_WARN_OBJC_LITERAL_CONVERSION = YES;
				CLANG_WARN_OBJC_ROOT_CLASS = YES_ERROR;
				CLANG_WARN_RANGE_LOOP_ANALYSIS = YES;
				CLANG_WARN_STRICT_PROTOTYPES = YES;
				CLANG_WARN_SUSPICIOUS_MOVE = YES;
				CLANG_WARN_UNGUARDED_AVAILABILITY = YES_AGGRESSIVE;
				CLANG_WARN_UNREACHABLE_CODE = YES;
				CLANG_WARN__DUPLICATE_METHOD_MATCH = YES;
				CODE_SIGN_IDENTITY = "iPhone Developer";
				COPY_PHASE_STRIP = NO;
				DEBUG_INFORMATION_FORMAT = dwarf;
				ENABLE_STRICT_OBJC_MSGSEND = YES;
				ENABLE_TESTABILITY = YES;
				GCC_C_LANGUAGE_STANDARD = gnu11;
				GCC_DYNAMIC_NO_PIC = NO;
				GCC_NO_COMMON_BLOCKS = YES;
				GCC_OPTIMIZATION_LEVEL = 0;
				GCC_PREPROCESSOR_DEFINITIONS = (
					"DEBUG=1",
					"$(inherited)",
				);
				GCC_WARN_64_TO_32_BIT_CONVERSION = YES;
				GCC_WARN_ABOUT_RETURN_TYPE = YES_ERROR;
				GCC_WARN_UNDECLARED_SELECTOR = YES;
				GCC_WARN_UNINITIALIZED_AUTOS = YES_AGGRESSIVE;
				GCC_WARN_UNUSED_FUNCTION = YES;
				GCC_WARN_UNUSED_VARIABLE = YES;
				IPHONEOS_DEPLOYMENT_TARGET = 11.3;
				MTL_ENABLE_DEBUG_INFO = YES;
				ONLY_ACTIVE_ARCH = YES;
				SDKROOT = iphoneos;
			};
			name = Debug;
		};
		9648EF82209174F3009733A1 /* Release */ = {
			isa = XCBuildConfiguration;
			buildSettings = {
				ALWAYS_SEARCH_USER_PATHS = NO;
				CLANG_ANALYZER_NONNULL = YES;
				CLANG_ANALYZER_NUMBER_OBJECT_CONVERSION = YES_AGGRESSIVE;
				CLANG_CXX_LANGUAGE_STANDARD = "gnu++14";
				CLANG_CXX_LIBRARY = "libc++";
				CLANG_ENABLE_MODULES = YES;
				CLANG_ENABLE_OBJC_ARC = YES;
				CLANG_ENABLE_OBJC_WEAK = YES;
				CLANG_WARN_BLOCK_CAPTURE_AUTORELEASING = YES;
				CLANG_WARN_BOOL_CONVERSION = YES;
				CLANG_WARN_COMMA = YES;
				CLANG_WARN_CONSTANT_CONVERSION = YES;
				CLANG_WARN_DEPRECATED_OBJC_IMPLEMENTATIONS = YES;
				CLANG_WARN_DIRECT_OBJC_ISA_USAGE = YES_ERROR;
				CLANG_WARN_DOCUMENTATION_COMMENTS = YES;
				CLANG_WARN_EMPTY_BODY = YES;
				CLANG_WARN_ENUM_CONVERSION = YES;
				CLANG_WARN_INFINITE_RECURSION = YES;
				CLANG_WARN_INT_CONVERSION = YES;
				CLANG_WARN_NON_LITERAL_NULL_CONVERSION = YES;
				CLANG_WARN_OBJC_IMPLICIT_RETAIN_SELF = YES;
				CLANG_WARN_OBJC_LITERAL_CONVERSION = YES;
				CLANG_WARN_OBJC_ROOT_CLASS = YES_ERROR;
				CLANG_WARN_RANGE_LOOP_ANALYSIS = YES;
				CLANG_WARN_STRICT_PROTOTYPES = YES;
				CLANG_WARN_SUSPICIOUS_MOVE = YES;
				CLANG_WARN_UNGUARDED_AVAILABILITY = YES_AGGRESSIVE;
				CLANG_WARN_UNREACHABLE_CODE = YES;
				CLANG_WARN__DUPLICATE_METHOD_MATCH = YES;
				CODE_SIGN_IDENTITY = "iPhone Developer";
				COPY_PHASE_STRIP = NO;
				DEBUG_INFORMATION_FORMAT = "dwarf-with-dsym";
				ENABLE_NS_ASSERTIONS = NO;
				ENABLE_STRICT_OBJC_MSGSEND = YES;
				GCC_C_LANGUAGE_STANDARD = gnu11;
				GCC_NO_COMMON_BLOCKS = YES;
				GCC_WARN_64_TO_32_BIT_CONVERSION = YES;
				GCC_WARN_ABOUT_RETURN_TYPE = YES_ERROR;
				GCC_WARN_UNDECLARED_SELECTOR = YES;
				GCC_WARN_UNINITIALIZED_AUTOS = YES_AGGRESSIVE;
				GCC_WARN_UNUSED_FUNCTION = YES;
				GCC_WARN_UNUSED_VARIABLE = YES;
				IPHONEOS_DEPLOYMENT_TARGET = 11.3;
				MTL_ENABLE_DEBUG_INFO = NO;
				SDKROOT = iphoneos;
				VALIDATE_PRODUCT = YES;
			};
			name = Release;
		};
		9648EF84209174F3009733A1 /* Debug */ = {
			isa = XCBuildConfiguration;
			buildSettings = {
				ASSETCATALOG_COMPILER_APPICON_NAME = AppIcon;
				CODE_SIGN_STYLE = Automatic;
				DEVELOPMENT_TEAM = XK72J2R5CU;
				HEADER_SEARCH_PATHS = "\"$(SRCROOT)/JGLearnGPUImage/GPUImageSource\"/**";
				INFOPLIST_FILE = JGLearnGPUImage/Info.plist;
				LD_RUNPATH_SEARCH_PATHS = (
					"$(inherited)",
					"@executable_path/Frameworks",
				);
				PRODUCT_BUNDLE_IDENTIFIER = com.ggd.learn;
				PRODUCT_NAME = "$(TARGET_NAME)";
				TARGETED_DEVICE_FAMILY = "1,2";
			};
			name = Debug;
		};
		9648EF85209174F3009733A1 /* Release */ = {
			isa = XCBuildConfiguration;
			buildSettings = {
				ASSETCATALOG_COMPILER_APPICON_NAME = AppIcon;
				CODE_SIGN_STYLE = Automatic;
				DEVELOPMENT_TEAM = XK72J2R5CU;
				HEADER_SEARCH_PATHS = "\"$(SRCROOT)/JGLearnGPUImage/GPUImageSource\"/**";
				INFOPLIST_FILE = JGLearnGPUImage/Info.plist;
				LD_RUNPATH_SEARCH_PATHS = (
					"$(inherited)",
					"@executable_path/Frameworks",
				);
				PRODUCT_BUNDLE_IDENTIFIER = com.ggd.learn;
				PRODUCT_NAME = "$(TARGET_NAME)";
				TARGETED_DEVICE_FAMILY = "1,2";
			};
			name = Release;
		};
/* End XCBuildConfiguration section */

/* Begin XCConfigurationList section */
		9648EF68209174F2009733A1 /* Build configuration list for PBXProject "JGLearnGPUImage" */ = {
			isa = XCConfigurationList;
			buildConfigurations = (
				9648EF81209174F3009733A1 /* Debug */,
				9648EF82209174F3009733A1 /* Release */,
			);
			defaultConfigurationIsVisible = 0;
			defaultConfigurationName = Release;
		};
		9648EF83209174F3009733A1 /* Build configuration list for PBXNativeTarget "JGLearnGPUImage" */ = {
			isa = XCConfigurationList;
			buildConfigurations = (
				9648EF84209174F3009733A1 /* Debug */,
				9648EF85209174F3009733A1 /* Release */,
			);
			defaultConfigurationIsVisible = 0;
			defaultConfigurationName = Release;
		};
/* End XCConfigurationList section */
	};
	rootObject = 9648EF65209174F2009733A1 /* Project object */;
}
